
Microsoft Visual Studio Solution File, Format Version 12.00
# Visual Studio 14
VisualStudioVersion = 14.0.25420.1
MinimumVisualStudioVersion = 10.0.40219.1
Project("{2150E333-8FDC-42A3-9474-1A3956D46DE8}") = "src", "src", "{F86F7D93-6B82-4958-8B9C-2D8008340E95}"
EndProject
Project("{2150E333-8FDC-42A3-9474-1A3956D46DE8}") = "Solution Items", "Solution Items", "{BDB283E0-A55F-4D19-9285-2F2C462488FD}"
	ProjectSection(SolutionItems) = preProject
		global.json = global.json
	EndProjectSection
EndProject
Project("{8BB2217D-0F2D-49D1-97BC-3654ED321F3B}") = "OrientDB.ConnectionProtocols.Http", "src\Orient.ConnectionProtocols.Http\OrientDB.ConnectionProtocols.Http.xproj", "{27823E23-0971-46CD-8EDD-4D9B5C921BFE}"
EndProject
Project("{8BB2217D-0F2D-49D1-97BC-3654ED321F3B}") = "OrientDB.Core", "..\OrientDB.Core\src\OrientDB.Core\OrientDB.Core.xproj", "{A11A69C1-B16A-484E-9091-7099A709296A}"
EndProject
Global
	GlobalSection(SolutionConfigurationPlatforms) = preSolution
		Debug|Any CPU = Debug|Any CPU
		Release|Any CPU = Release|Any CPU
	EndGlobalSection
	GlobalSection(ProjectConfigurationPlatforms) = postSolution
		{27823E23-0971-46CD-8EDD-4D9B5C921BFE}.Debug|Any CPU.ActiveCfg = Debug|Any CPU
		{27823E23-0971-46CD-8EDD-4D9B5C921BFE}.Debug|Any CPU.Build.0 = Debug|Any CPU
		{27823E23-0971-46CD-8EDD-4D9B5C921BFE}.Release|Any CPU.ActiveCfg = Release|Any CPU
		{27823E23-0971-46CD-8EDD-4D9B5C921BFE}.Release|Any CPU.Build.0 = Release|Any CPU
		{A11A69C1-B16A-484E-9091-7099A709296A}.Debug|Any CPU.ActiveCfg = Debug|Any CPU
		{A11A69C1-B16A-484E-9091-7099A709296A}.Debug|Any CPU.Build.0 = Debug|Any CPU
		{A11A69C1-B16A-484E-9091-7099A709296A}.Release|Any CPU.ActiveCfg = Release|Any CPU
		{A11A69C1-B16A-484E-9091-7099A709296A}.Release|Any CPU.Build.0 = Release|Any CPU
	EndGlobalSection
	GlobalSection(SolutionProperties) = preSolution
		HideSolutionNode = FALSE
	EndGlobalSection
	GlobalSection(NestedProjects) = preSolution
		{27823E23-0971-46CD-8EDD-4D9B5C921BFE} = {F86F7D93-6B82-4958-8B9C-2D8008340E95}
	EndGlobalSection
EndGlobal
